
Microsoft Visual Studio Solution File, Format Version 12.00
# Visual Studio Version 17
VisualStudioVersion = 17.9.34701.34
MinimumVisualStudioVersion = 10.0.40219.1
Project("{FAE04EC0-301F-11D3-BF4B-00C04F79EFBC}") = "WebForm", "WebForm\WebForm.csproj", "{57E36AF6-9669-42ED-8BE9-88A4B6925203}"
EndProject
Global
	GlobalSection(SolutionConfigurationPlatforms) = preSolution
		Debug|Any CPU = Debug|Any CPU
		Release|Any CPU = Release|Any CPU
	EndGlobalSection
	GlobalSection(ProjectConfigurationPlatforms) = postSolution
		{57E36AF6-9669-42ED-8BE9-88A4B6925203}.Debug|Any CPU.ActiveCfg = Debug|Any CPU
		{57E36AF6-9669-42ED-8BE9-88A4B6925203}.Debug|Any CPU.Build.0 = Debug|Any CPU
		{57E36AF6-9669-42ED-8BE9-88A4B6925203}.Release|Any CPU.ActiveCfg = Release|Any CPU
		{57E36AF6-9669-42ED-8BE9-88A4B6925203}.Release|Any CPU.Build.0 = Release|Any CPU
	EndGlobalSection
	GlobalSection(SolutionProperties) = preSolution
		HideSolutionNode = FALSE
	EndGlobalSection
	GlobalSection(ExtensibilityGlobals) = postSolution
		SolutionGuid = {2D03C6ED-DAE8-4AF9-862B-410C02FD9627}
	EndGlobalSection
EndGlobal
